
Microsoft Visual Studio Solution File, Format Version 12.00
# Visual Studio Version 17
VisualStudioVersion = 17.7.34031.279
MinimumVisualStudioVersion = 10.0.40219.1
Project("{9A19103F-16F7-4668-BE54-9A1E7A4F7556}") = "Exercise 5 Garage", "Exercise 5 Garage\Exercise 5 Garage.csproj", "{C70FE5A3-94CC-40F6-8958-5984AF85E323}"
EndProject
Project("{2150E333-8FDC-42A3-9474-1A3956D46DE8}") = "Tests", "Tests", "{398FECD8-DA3C-4CE5-A9BD-4468FD7A8C0C}"
EndProject
Project("{FAE04EC0-301F-11D3-BF4B-00C04F79EFBC}") = "Excercise 5 Garage.Test", "Tests\Excercise 5 Garage.Test\Excercise 5 Garage.Test.csproj", "{1A9EFF3A-5EC5-4394-B99E-DFFE4146F503}"
EndProject
Global
	GlobalSection(SolutionConfigurationPlatforms) = preSolution
		Debug|Any CPU = Debug|Any CPU
		Release|Any CPU = Release|Any CPU
	EndGlobalSection
	GlobalSection(ProjectConfigurationPlatforms) = postSolution
		{C70FE5A3-94CC-40F6-8958-5984AF85E323}.Debug|Any CPU.ActiveCfg = Debug|Any CPU
		{C70FE5A3-94CC-40F6-8958-5984AF85E323}.Debug|Any CPU.Build.0 = Debug|Any CPU
		{C70FE5A3-94CC-40F6-8958-5984AF85E323}.Release|Any CPU.ActiveCfg = Release|Any CPU
		{C70FE5A3-94CC-40F6-8958-5984AF85E323}.Release|Any CPU.Build.0 = Release|Any CPU
		{1A9EFF3A-5EC5-4394-B99E-DFFE4146F503}.Debug|Any CPU.ActiveCfg = Debug|Any CPU
		{1A9EFF3A-5EC5-4394-B99E-DFFE4146F503}.Debug|Any CPU.Build.0 = Debug|Any CPU
		{1A9EFF3A-5EC5-4394-B99E-DFFE4146F503}.Release|Any CPU.ActiveCfg = Release|Any CPU
		{1A9EFF3A-5EC5-4394-B99E-DFFE4146F503}.Release|Any CPU.Build.0 = Release|Any CPU
	EndGlobalSection
	GlobalSection(SolutionProperties) = preSolution
		HideSolutionNode = FALSE
	EndGlobalSection
	GlobalSection(NestedProjects) = preSolution
		{1A9EFF3A-5EC5-4394-B99E-DFFE4146F503} = {398FECD8-DA3C-4CE5-A9BD-4468FD7A8C0C}
	EndGlobalSection
	GlobalSection(ExtensibilityGlobals) = postSolution
		SolutionGuid = {76A5904F-0B4E-496E-BFC8-726A620779B0}
	EndGlobalSection
EndGlobal
